// !$*UTF8*$!
{
	archiveVersion = 1;
	classes = {
	};
	objectVersion = 50;
	objects = {

/* Begin PBXBuildFile section */
		83870C07235EFF9300F01975 /* AppDelegate.swift in Sources */ = {isa = PBXBuildFile; fileRef = 83870C06235EFF9300F01975 /* AppDelegate.swift */; };
		83870C09235EFF9300F01975 /* SceneDelegate.swift in Sources */ = {isa = PBXBuildFile; fileRef = 83870C08235EFF9300F01975 /* SceneDelegate.swift */; };
		83870C0B235EFF9300F01975 /* ContentView.swift in Sources */ = {isa = PBXBuildFile; fileRef = 83870C0A235EFF9300F01975 /* ContentView.swift */; };
		83870C0D235EFF9400F01975 /* Assets.xcassets in Resources */ = {isa = PBXBuildFile; fileRef = 83870C0C235EFF9400F01975 /* Assets.xcassets */; };
		83870C10235EFF9400F01975 /* Preview Assets.xcassets in Resources */ = {isa = PBXBuildFile; fileRef = 83870C0F235EFF9400F01975 /* Preview Assets.xcassets */; };
		83870C13235EFF9400F01975 /* LaunchScreen.storyboard in Resources */ = {isa = PBXBuildFile; fileRef = 83870C11235EFF9400F01975 /* LaunchScreen.storyboard */; };
		83870C1E235EFF9400F01975 /* ShoppingCartTests.swift in Sources */ = {isa = PBXBuildFile; fileRef = 83870C1D235EFF9400F01975 /* ShoppingCartTests.swift */; };
		83870C29235EFF9400F01975 /* ShoppingCartUITests.swift in Sources */ = {isa = PBXBuildFile; fileRef = 83870C28235EFF9400F01975 /* ShoppingCartUITests.swift */; };
/* End PBXBuildFile section */

/* Begin PBXContainerItemProxy section */
		83870C1A235EFF9400F01975 /* PBXContainerItemProxy */ = {
			isa = PBXContainerItemProxy;
			containerPortal = 83870BFB235EFF9300F01975 /* Project object */;
			proxyType = 1;
			remoteGlobalIDString = 83870C02235EFF9300F01975;
			remoteInfo = ShoppingCart;
		};
		83870C25235EFF9400F01975 /* PBXContainerItemProxy */ = {
			isa = PBXContainerItemProxy;
			containerPortal = 83870BFB235EFF9300F01975 /* Project object */;
			proxyType = 1;
			remoteGlobalIDString = 83870C02235EFF9300F01975;
			remoteInfo = ShoppingCart;
		};
/* End PBXContainerItemProxy section */

/* Begin PBXFileReference section */
		83870C03235EFF9300F01975 /* ShoppingCart.app */ = {isa = PBXFileReference; explicitFileType = wrapper.application; includeInIndex = 0; path = ShoppingCart.app; sourceTree = BUILT_PRODUCTS_DIR; };
		83870C06235EFF9300F01975 /* AppDelegate.swift */ = {isa = PBXFileReference; lastKnownFileType = sourcecode.swift; path = AppDelegate.swift; sourceTree = "<group>"; };
		83870C08235EFF9300F01975 /* SceneDelegate.swift */ = {isa = PBXFileReference; lastKnownFileType = sourcecode.swift; path = SceneDelegate.swift; sourceTree = "<group>"; };
		83870C0A235EFF9300F01975 /* ContentView.swift */ = {isa = PBXFileReference; lastKnownFileType = sourcecode.swift; path = ContentView.swift; sourceTree = "<group>"; };
		83870C0C235EFF9400F01975 /* Assets.xcassets */ = {isa = PBXFileReference; lastKnownFileType = folder.assetcatalog; path = Assets.xcassets; sourceTree = "<group>"; };
		83870C0F235EFF9400F01975 /* Preview Assets.xcassets */ = {isa = PBXFileReference; lastKnownFileType = folder.assetcatalog; path = "Preview Assets.xcassets"; sourceTree = "<group>"; };
		83870C12235EFF9400F01975 /* Base */ = {isa = PBXFileReference; lastKnownFileType = file.storyboard; name = Base; path = Base.lproj/LaunchScreen.storyboard; sourceTree = "<group>"; };
		83870C14235EFF9400F01975 /* Info.plist */ = {isa = PBXFileReference; lastKnownFileType = text.plist.xml; path = Info.plist; sourceTree = "<group>"; };
		83870C19235EFF9400F01975 /* ShoppingCartTests.xctest */ = {isa = PBXFileReference; explicitFileType = wrapper.cfbundle; includeInIndex = 0; path = ShoppingCartTests.xctest; sourceTree = BUILT_PRODUCTS_DIR; };
		83870C1D235EFF9400F01975 /* ShoppingCartTests.swift */ = {isa = PBXFileReference; lastKnownFileType = sourcecode.swift; path = ShoppingCartTests.swift; sourceTree = "<group>"; };
		83870C1F235EFF9400F01975 /* Info.plist */ = {isa = PBXFileReference; lastKnownFileType = text.plist.xml; path = Info.plist; sourceTree = "<group>"; };
		83870C24235EFF9400F01975 /* ShoppingCartUITests.xctest */ = {isa = PBXFileReference; explicitFileType = wrapper.cfbundle; includeInIndex = 0; path = ShoppingCartUITests.xctest; sourceTree = BUILT_PRODUCTS_DIR; };
		83870C28235EFF9400F01975 /* ShoppingCartUITests.swift */ = {isa = PBXFileReference; lastKnownFileType = sourcecode.swift; path = ShoppingCartUITests.swift; sourceTree = "<group>"; };
		83870C2A235EFF9400F01975 /* Info.plist */ = {isa = PBXFileReference; lastKnownFileType = text.plist.xml; path = Info.plist; sourceTree = "<group>"; };
/* End PBXFileReference section */

/* Begin PBXFrameworksBuildPhase section */
		83870C00235EFF9300F01975 /* Frameworks */ = {
			isa = PBXFrameworksBuildPhase;
			buildActionMask = 2147483647;
			files = (
			);
			runOnlyForDeploymentPostprocessing = 0;
		};
		83870C16235EFF9400F01975 /* Frameworks */ = {
			isa = PBXFrameworksBuildPhase;
			buildActionMask = 2147483647;
			files = (
			);
			runOnlyForDeploymentPostprocessing = 0;
		};
		83870C21235EFF9400F01975 /* Frameworks */ = {
			isa = PBXFrameworksBuildPhase;
			buildActionMask = 2147483647;
			files = (
			);
			runOnlyForDeploymentPostprocessing = 0;
		};
/* End PBXFrameworksBuildPhase section */

/* Begin PBXGroup section */
		83870BFA235EFF9300F01975 = {
			isa = PBXGroup;
			children = (
				83870C05235EFF9300F01975 /* ShoppingCart */,
				83870C1C235EFF9400F01975 /* ShoppingCartTests */,
				83870C27235EFF9400F01975 /* ShoppingCartUITests */,
				83870C04235EFF9300F01975 /* Products */,
			);
			sourceTree = "<group>";
		};
		83870C04235EFF9300F01975 /* Products */ = {
			isa = PBXGroup;
			children = (
				83870C03235EFF9300F01975 /* ShoppingCart.app */,
				83870C19235EFF9400F01975 /* ShoppingCartTests.xctest */,
				83870C24235EFF9400F01975 /* ShoppingCartUITests.xctest */,
			);
			name = Products;
			sourceTree = "<group>";
		};
		83870C05235EFF9300F01975 /* ShoppingCart */ = {
			isa = PBXGroup;
			children = (
				83870C06235EFF9300F01975 /* AppDelegate.swift */,
				83870C08235EFF9300F01975 /* SceneDelegate.swift */,
				83870C0A235EFF9300F01975 /* ContentView.swift */,
				83870C0C235EFF9400F01975 /* Assets.xcassets */,
				83870C11235EFF9400F01975 /* LaunchScreen.storyboard */,
				83870C14235EFF9400F01975 /* Info.plist */,
				83870C0E235EFF9400F01975 /* Preview Content */,
			);
			path = ShoppingCart;
			sourceTree = "<group>";
		};
		83870C0E235EFF9400F01975 /* Preview Content */ = {
			isa = PBXGroup;
			children = (
				83870C0F235EFF9400F01975 /* Preview Assets.xcassets */,
			);
			path = "Preview Content";
			sourceTree = "<group>";
		};
		83870C1C235EFF9400F01975 /* ShoppingCartTests */ = {
			isa = PBXGroup;
			children = (
				83870C1D235EFF9400F01975 /* ShoppingCartTests.swift */,
				83870C1F235EFF9400F01975 /* Info.plist */,
			);
			path = ShoppingCartTests;
			sourceTree = "<group>";
		};
		83870C27235EFF9400F01975 /* ShoppingCartUITests */ = {
			isa = PBXGroup;
			children = (
				83870C28235EFF9400F01975 /* ShoppingCartUITests.swift */,
				83870C2A235EFF9400F01975 /* Info.plist */,
			);
			path = ShoppingCartUITests;
			sourceTree = "<group>";
		};
/* End PBXGroup section */

/* Begin PBXNativeTarget section */
		83870C02235EFF9300F01975 /* ShoppingCart */ = {
			isa = PBXNativeTarget;
			buildConfigurationList = 83870C2D235EFF9400F01975 /* Build configuration list for PBXNativeTarget "ShoppingCart" */;
			buildPhases = (
				83870BFF235EFF9300F01975 /* Sources */,
				83870C00235EFF9300F01975 /* Frameworks */,
				83870C01235EFF9300F01975 /* Resources */,
			);
			buildRules = (
			);
			dependencies = (
			);
			name = ShoppingCart;
			productName = ShoppingCart;
			productReference = 83870C03235EFF9300F01975 /* ShoppingCart.app */;
			productType = "com.apple.product-type.application";
		};
		83870C18235EFF9400F01975 /* ShoppingCartTests */ = {
			isa = PBXNativeTarget;
			buildConfigurationList = 83870C30235EFF9400F01975 /* Build configuration list for PBXNativeTarget "ShoppingCartTests" */;
			buildPhases = (
				83870C15235EFF9400F01975 /* Sources */,
				83870C16235EFF9400F01975 /* Frameworks */,
				83870C17235EFF9400F01975 /* Resources */,
			);
			buildRules = (
			);
			dependencies = (
				83870C1B235EFF9400F01975 /* PBXTargetDependency */,
			);
			name = ShoppingCartTests;
			productName = ShoppingCartTests;
			productReference = 83870C19235EFF9400F01975 /* ShoppingCartTests.xctest */;
			productType = "com.apple.product-type.bundle.unit-test";
		};
		83870C23235EFF9400F01975 /* ShoppingCartUITests */ = {
			isa = PBXNativeTarget;
			buildConfigurationList = 83870C33235EFF9400F01975 /* Build configuration list for PBXNativeTarget "ShoppingCartUITests" */;
			buildPhases = (
				83870C20235EFF9400F01975 /* Sources */,
				83870C21235EFF9400F01975 /* Frameworks */,
				83870C22235EFF9400F01975 /* Resources */,
			);
			buildRules = (
			);
			dependencies = (
				83870C26235EFF9400F01975 /* PBXTargetDependency */,
			);
			name = ShoppingCartUITests;
			productName = ShoppingCartUITests;
			productReference = 83870C24235EFF9400F01975 /* ShoppingCartUITests.xctest */;
			productType = "com.apple.product-type.bundle.ui-testing";
		};
/* End PBXNativeTarget section */

/* Begin PBXProject section */
		83870BFB235EFF9300F01975 /* Project object */ = {
			isa = PBXProject;
			attributes = {
				LastSwiftUpdateCheck = 1110;
				LastUpgradeCheck = 1110;
				ORGANIZATIONNAME = "Chris Eidhof";
				TargetAttributes = {
					83870C02235EFF9300F01975 = {
						CreatedOnToolsVersion = 11.1;
					};
					83870C18235EFF9400F01975 = {
						CreatedOnToolsVersion = 11.1;
						TestTargetID = 83870C02235EFF9300F01975;
					};
					83870C23235EFF9400F01975 = {
						CreatedOnToolsVersion = 11.1;
						TestTargetID = 83870C02235EFF9300F01975;
					};
				};
			};
			buildConfigurationList = 83870BFE235EFF9300F01975 /* Build configuration list for PBXProject "ShoppingCart" */;
			compatibilityVersion = "Xcode 9.3";
			developmentRegion = en;
			hasScannedForEncodings = 0;
			knownRegions = (
				en,
				Base,
			);
			mainGroup = 83870BFA235EFF9300F01975;
			productRefGroup = 83870C04235EFF9300F01975 /* Products */;
			projectDirPath = "";
			projectRoot = "";
			targets = (
				83870C02235EFF9300F01975 /* ShoppingCart */,
				83870C18235EFF9400F01975 /* ShoppingCartTests */,
				83870C23235EFF9400F01975 /* ShoppingCartUITests */,
			);
		};
/* End PBXProject section */

/* Begin PBXResourcesBuildPhase section */
		83870C01235EFF9300F01975 /* Resources */ = {
			isa = PBXResourcesBuildPhase;
			buildActionMask = 2147483647;
			files = (
				83870C13235EFF9400F01975 /* LaunchScreen.storyboard in Resources */,
				83870C10235EFF9400F01975 /* Preview Assets.xcassets in Resources */,
				83870C0D235EFF9400F01975 /* Assets.xcassets in Resources */,
			);
			runOnlyForDeploymentPostprocessing = 0;
		};
		83870C17235EFF9400F01975 /* Resources */ = {
			isa = PBXResourcesBuildPhase;
			buildActionMask = 2147483647;
			files = (
			);
			runOnlyForDeploymentPostprocessing = 0;
		};
		83870C22235EFF9400F01975 /* Resources */ = {
			isa = PBXResourcesBuildPhase;
			buildActionMask = 2147483647;
			files = (
			);
			runOnlyForDeploymentPostprocessing = 0;
		};
/* End PBXResourcesBuildPhase section */

/* Begin PBXSourcesBuildPhase section */
		83870BFF235EFF9300F01975 /* Sources */ = {
			isa = PBXSourcesBuildPhase;
			buildActionMask = 2147483647;
			files = (
				83870C07235EFF9300F01975 /* AppDelegate.swift in Sources */,
				83870C09235EFF9300F01975 /* SceneDelegate.swift in Sources */,
				83870C0B235EFF9300F01975 /* ContentView.swift in Sources */,
			);
			runOnlyForDeploymentPostprocessing = 0;
		};
		83870C15235EFF9400F01975 /* Sources */ = {
			isa = PBXSourcesBuildPhase;
			buildActionMask = 2147483647;
			files = (
				83870C1E235EFF9400F01975 /* ShoppingCartTests.swift in Sources */,
			);
			runOnlyForDeploymentPostprocessing = 0;
		};
		83870C20235EFF9400F01975 /* Sources */ = {
			isa = PBXSourcesBuildPhase;
			buildActionMask = 2147483647;
			files = (
				83870C29235EFF9400F01975 /* ShoppingCartUITests.swift in Sources */,
			);
			runOnlyForDeploymentPostprocessing = 0;
		};
/* End PBXSourcesBuildPhase section */

/* Begin PBXTargetDependency section */
		83870C1B235EFF9400F01975 /* PBXTargetDependency */ = {
			isa = PBXTargetDependency;
			target = 83870C02235EFF9300F01975 /* ShoppingCart */;
			targetProxy = 83870C1A235EFF9400F01975 /* PBXContainerItemProxy */;
		};
		83870C26235EFF9400F01975 /* PBXTargetDependency */ = {
			isa = PBXTargetDependency;
			target = 83870C02235EFF9300F01975 /* ShoppingCart */;
			targetProxy = 83870C25235EFF9400F01975 /* PBXContainerItemProxy */;
		};
/* End PBXTargetDependency section */

/* Begin PBXVariantGroup section */
		83870C11235EFF9400F01975 /* LaunchScreen.storyboard */ = {
			isa = PBXVariantGroup;
			children = (
				83870C12235EFF9400F01975 /* Base */,
			);
			name = LaunchScreen.storyboard;
			sourceTree = "<group>";
		};
/* End PBXVariantGroup section */

/* Begin XCBuildConfiguration section */
		83870C2B235EFF9400F01975 /* Debug */ = {
			isa = XCBuildConfiguration;
			buildSettings = {
				ALWAYS_SEARCH_USER_PATHS = NO;
				CLANG_ANALYZER_NONNULL = YES;
				CLANG_ANALYZER_NUMBER_OBJECT_CONVERSION = YES_AGGRESSIVE;
				CLANG_CXX_LANGUAGE_STANDARD = "gnu++14";
				CLANG_CXX_LIBRARY = "libc++";
				CLANG_ENABLE_MODULES = YES;
				CLANG_ENABLE_OBJC_ARC = YES;
				CLANG_ENABLE_OBJC_WEAK = YES;
				CLANG_WARN_BLOCK_CAPTURE_AUTORELEASING = YES;
				CLANG_WARN_BOOL_CONVERSION = YES;
				CLANG_WARN_COMMA = YES;
				CLANG_WARN_CONSTANT_CONVERSION = YES;
				CLANG_WARN_DEPRECATED_OBJC_IMPLEMENTATIONS = YES;
				CLANG_WARN_DIRECT_OBJC_ISA_USAGE = YES_ERROR;
				CLANG_WARN_DOCUMENTATION_COMMENTS = YES;
				CLANG_WARN_EMPTY_BODY = YES;
				CLANG_WARN_ENUM_CONVERSION = YES;
				CLANG_WARN_INFINITE_RECURSION = YES;
				CLANG_WARN_INT_CONVERSION = YES;
				CLANG_WARN_NON_LITERAL_NULL_CONVERSION = YES;
				CLANG_WARN_OBJC_IMPLICIT_RETAIN_SELF = YES;
				CLANG_WARN_OBJC_LITERAL_CONVERSION = YES;
				CLANG_WARN_OBJC_ROOT_CLASS = YES_ERROR;
				CLANG_WARN_RANGE_LOOP_ANALYSIS = YES;
				CLANG_WARN_STRICT_PROTOTYPES = YES;
				CLANG_WARN_SUSPICIOUS_MOVE = YES;
				CLANG_WARN_UNGUARDED_AVAILABILITY = YES_AGGRESSIVE;
				CLANG_WARN_UNREACHABLE_CODE = YES;
				CLANG_WARN__DUPLICATE_METHOD_MATCH = YES;
				COPY_PHASE_STRIP = NO;
				DEBUG_INFORMATION_FORMAT = dwarf;
				ENABLE_STRICT_OBJC_MSGSEND = YES;
				ENABLE_TESTABILITY = YES;
				GCC_C_LANGUAGE_STANDARD = gnu11;
				GCC_DYNAMIC_NO_PIC = NO;
				GCC_NO_COMMON_BLOCKS = YES;
				GCC_OPTIMIZATION_LEVEL = 0;
				GCC_PREPROCESSOR_DEFINITIONS = (
					"DEBUG=1",
					"$(inherited)",
				);
				GCC_WARN_64_TO_32_BIT_CONVERSION = YES;
				GCC_WARN_ABOUT_RETURN_TYPE = YES_ERROR;
				GCC_WARN_UNDECLARED_SELECTOR = YES;
				GCC_WARN_UNINITIALIZED_AUTOS = YES_AGGRESSIVE;
				GCC_WARN_UNUSED_FUNCTION = YES;
				GCC_WARN_UNUSED_VARIABLE = YES;
				IPHONEOS_DEPLOYMENT_TARGET = 13.1;
				MTL_ENABLE_DEBUG_INFO = INCLUDE_SOURCE;
				MTL_FAST_MATH = YES;
				ONLY_ACTIVE_ARCH = YES;
				SDKROOT = iphoneos;
				SWIFT_ACTIVE_COMPILATION_CONDITIONS = DEBUG;
				SWIFT_OPTIMIZATION_LEVEL = "-Onone";
			};
			name = Debug;
		};
		83870C2C235EFF9400F01975 /* Release */ = {
			isa = XCBuildConfiguration;
			buildSettings = {
				ALWAYS_SEARCH_USER_PATHS = NO;
				CLANG_ANALYZER_NONNULL = YES;
				CLANG_ANALYZER_NUMBER_OBJECT_CONVERSION = YES_AGGRESSIVE;
				CLANG_CXX_LANGUAGE_STANDARD = "gnu++14";
				CLANG_CXX_LIBRARY = "libc++";
				CLANG_ENABLE_MODULES = YES;
				CLANG_ENABLE_OBJC_ARC = YES;
				CLANG_ENABLE_OBJC_WEAK = YES;
				CLANG_WARN_BLOCK_CAPTURE_AUTORELEASING = YES;
				CLANG_WARN_BOOL_CONVERSION = YES;
				CLANG_WARN_COMMA = YES;
				CLANG_WARN_CONSTANT_CONVERSION = YES;
				CLANG_WARN_DEPRECATED_OBJC_IMPLEMENTATIONS = YES;
				CLANG_WARN_DIRECT_OBJC_ISA_USAGE = YES_ERROR;
				CLANG_WARN_DOCUMENTATION_COMMENTS = YES;
				CLANG_WARN_EMPTY_BODY = YES;
				CLANG_WARN_ENUM_CONVERSION = YES;
				CLANG_WARN_INFINITE_RECURSION = YES;
				CLANG_WARN_INT_CONVERSION = YES;
				CLANG_WARN_NON_LITERAL_NULL_CONVERSION = YES;
				CLANG_WARN_OBJC_IMPLICIT_RETAIN_SELF = YES;
				CLANG_WARN_OBJC_LITERAL_CONVERSION = YES;
				CLANG_WARN_OBJC_ROOT_CLASS = YES_ERROR;
				CLANG_WARN_RANGE_LOOP_ANALYSIS = YES;
				CLANG_WARN_STRICT_PROTOTYPES = YES;
				CLANG_WARN_SUSPICIOUS_MOVE = YES;
				CLANG_WARN_UNGUARDED_AVAILABILITY = YES_AGGRESSIVE;
				CLANG_WARN_UNREACHABLE_CODE = YES;
				CLANG_WARN__DUPLICATE_METHOD_MATCH = YES;
				COPY_PHASE_STRIP = NO;
				DEBUG_INFORMATION_FORMAT = "dwarf-with-dsym";
				ENABLE_NS_ASSERTIONS = NO;
				ENABLE_STRICT_OBJC_MSGSEND = YES;
				GCC_C_LANGUAGE_STANDARD = gnu11;
				GCC_NO_COMMON_BLOCKS = YES;
				GCC_WARN_64_TO_32_BIT_CONVERSION = YES;
				GCC_WARN_ABOUT_RETURN_TYPE = YES_ERROR;
				GCC_WARN_UNDECLARED_SELECTOR = YES;
				GCC_WARN_UNINITIALIZED_AUTOS = YES_AGGRESSIVE;
				GCC_WARN_UNUSED_FUNCTION = YES;
				GCC_WARN_UNUSED_VARIABLE = YES;
				IPHONEOS_DEPLOYMENT_TARGET = 13.1;
				MTL_ENABLE_DEBUG_INFO = NO;
				MTL_FAST_MATH = YES;
				SDKROOT = iphoneos;
				SWIFT_COMPILATION_MODE = wholemodule;
				SWIFT_OPTIMIZATION_LEVEL = "-O";
				VALIDATE_PRODUCT = YES;
			};
			name = Release;
		};
		83870C2E235EFF9400F01975 /* Debug */ = {
			isa = XCBuildConfiguration;
			buildSettings = {
				ASSETCATALOG_COMPILER_APPICON_NAME = AppIcon;
				CODE_SIGN_STYLE = Automatic;
				DEVELOPMENT_ASSET_PATHS = "\"ShoppingCart/Preview Content\"";
				ENABLE_PREVIEWS = YES;
				INFOPLIST_FILE = ShoppingCart/Info.plist;
				LD_RUNPATH_SEARCH_PATHS = (
					"$(inherited)",
					"@executable_path/Frameworks",
				);
				PRODUCT_BUNDLE_IDENTIFIER = objc.io.ShoppingCart;
				PRODUCT_NAME = "$(TARGET_NAME)";
				SWIFT_VERSION = 5.0;
				TARGETED_DEVICE_FAMILY = "1,2";
			};
			name = Debug;
		};
		83870C2F235EFF9400F01975 /* Release */ = {
			isa = XCBuildConfiguration;
			buildSettings = {
				ASSETCATALOG_COMPILER_APPICON_NAME = AppIcon;
				CODE_SIGN_STYLE = Automatic;
				DEVELOPMENT_ASSET_PATHS = "\"ShoppingCart/Preview Content\"";
				ENABLE_PREVIEWS = YES;
				INFOPLIST_FILE = ShoppingCart/Info.plist;
				LD_RUNPATH_SEARCH_PATHS = (
					"$(inherited)",
					"@executable_path/Frameworks",
				);
				PRODUCT_BUNDLE_IDENTIFIER = objc.io.ShoppingCart;
				PRODUCT_NAME = "$(TARGET_NAME)";
				SWIFT_VERSION = 5.0;
				TARGETED_DEVICE_FAMILY = "1,2";
			};
			name = Release;
		};
		83870C31235EFF9400F01975 /* Debug */ = {
			isa = XCBuildConfiguration;
			buildSettings = {
				ALWAYS_EMBED_SWIFT_STANDARD_LIBRARIES = YES;
				BUNDLE_LOADER = "$(TEST_HOST)";
				CODE_SIGN_STYLE = Automatic;
				INFOPLIST_FILE = ShoppingCartTests/Info.plist;
				IPHONEOS_DEPLOYMENT_TARGET = 13.1;
				LD_RUNPATH_SEARCH_PATHS = (
					"$(inherited)",
					"@executable_path/Frameworks",
					"@loader_path/Frameworks",
				);
				PRODUCT_BUNDLE_IDENTIFIER = objc.io.ShoppingCartTests;
				PRODUCT_NAME = "$(TARGET_NAME)";
				SWIFT_VERSION = 5.0;
				TARGETED_DEVICE_FAMILY = "1,2";
				TEST_HOST = "$(BUILT_PRODUCTS_DIR)/ShoppingCart.app/ShoppingCart";
			};
			name = Debug;
		};
		83870C32235EFF9400F01975 /* Release */ = {
			isa = XCBuildConfiguration;
			buildSettings = {
				ALWAYS_EMBED_SWIFT_STANDARD_LIBRARIES = YES;
				BUNDLE_LOADER = "$(TEST_HOST)";
				CODE_SIGN_STYLE = Automatic;
				INFOPLIST_FILE = ShoppingCartTests/Info.plist;
				IPHONEOS_DEPLOYMENT_TARGET = 13.1;
				LD_RUNPATH_SEARCH_PATHS = (
					"$(inherited)",
					"@executable_path/Frameworks",
					"@loader_path/Frameworks",
				);
				PRODUCT_BUNDLE_IDENTIFIER = objc.io.ShoppingCartTests;
				PRODUCT_NAME = "$(TARGET_NAME)";
				SWIFT_VERSION = 5.0;
				TARGETED_DEVICE_FAMILY = "1,2";
				TEST_HOST = "$(BUILT_PRODUCTS_DIR)/ShoppingCart.app/ShoppingCart";
			};
			name = Release;
		};
		83870C34235EFF9400F01975 /* Debug */ = {
			isa = XCBuildConfiguration;
			buildSettings = {
				ALWAYS_EMBED_SWIFT_STANDARD_LIBRARIES = YES;
				CODE_SIGN_STYLE = Automatic;
				INFOPLIST_FILE = ShoppingCartUITests/Info.plist;
				LD_RUNPATH_SEARCH_PATHS = (
					"$(inherited)",
					"@executable_path/Frameworks",
					"@loader_path/Frameworks",
				);
				PRODUCT_BUNDLE_IDENTIFIER = objc.io.ShoppingCartUITests;
				PRODUCT_NAME = "$(TARGET_NAME)";
				SWIFT_VERSION = 5.0;
				TARGETED_DEVICE_FAMILY = "1,2";
				TEST_TARGET_NAME = ShoppingCart;
			};
			name = Debug;
		};
		83870C35235EFF9400F01975 /* Release */ = {
			isa = XCBuildConfiguration;
			buildSettings = {
				ALWAYS_EMBED_SWIFT_STANDARD_LIBRARIES = YES;
				CODE_SIGN_STYLE = Automatic;
				INFOPLIST_FILE = ShoppingCartUITests/Info.plist;
				LD_RUNPATH_SEARCH_PATHS = (
					"$(inherited)",
					"@executable_path/Frameworks",
					"@loader_path/Frameworks",
				);
				PRODUCT_BUNDLE_IDENTIFIER = objc.io.ShoppingCartUITests;
				PRODUCT_NAME = "$(TARGET_NAME)";
				SWIFT_VERSION = 5.0;
				TARGETED_DEVICE_FAMILY = "1,2";
				TEST_TARGET_NAME = ShoppingCart;
			};
			name = Release;
		};
/* End XCBuildConfiguration section */

/* Begin XCConfigurationList section */
		83870BFE235EFF9300F01975 /* Build configuration list for PBXProject "ShoppingCart" */ = {
			isa = XCConfigurationList;
			buildConfigurations = (
				83870C2B235EFF9400F01975 /* Debug */,
				83870C2C235EFF9400F01975 /* Release */,
			);
			defaultConfigurationIsVisible = 0;
			defaultConfigurationName = Release;
		};
		83870C2D235EFF9400F01975 /* Build configuration list for PBXNativeTarget "ShoppingCart" */ = {
			isa = XCConfigurationList;
			buildConfigurations = (
				83870C2E235EFF9400F01975 /* Debug */,
				83870C2F235EFF9400F01975 /* Release */,
			);
			defaultConfigurationIsVisible = 0;
			defaultConfigurationName = Release;
		};
		83870C30235EFF9400F01975 /* Build configuration list for PBXNativeTarget "ShoppingCartTests" */ = {
			isa = XCConfigurationList;
			buildConfigurations = (
				83870C31235EFF9400F01975 /* Debug */,
				83870C32235EFF9400F01975 /* Release */,
			);
			defaultConfigurationIsVisible = 0;
			defaultConfigurationName = Release;
		};
		83870C33235EFF9400F01975 /* Build configuration list for PBXNativeTarget "ShoppingCartUITests" */ = {
			isa = XCConfigurationList;
			buildConfigurations = (
				83870C34235EFF9400F01975 /* Debug */,
				83870C35235EFF9400F01975 /* Release */,
			);
			defaultConfigurationIsVisible = 0;
			defaultConfigurationName = Release;
		};
/* End XCConfigurationList section */
	};
	rootObject = 83870BFB235EFF9300F01975 /* Project object */;
}
